
Microsoft Visual Studio Solution File, Format Version 12.00
# Visual Studio 2012
Project("{FAE04EC0-301F-11D3-BF4B-00C04F79EFBC}") = "测试功能专用", "测试功能专用\测试功能专用.csproj", "{3FDCDCD1-1677-4161-830F-9BC1270767DB}"
EndProject
Project("{FAE04EC0-301F-11D3-BF4B-00C04F79EFBC}") = "dblist", "dblist\dblist.csproj", "{E124C8BB-CDA1-4626-9D0C-5F83B93325F1}"
EndProject
Project("{FAE04EC0-301F-11D3-BF4B-00C04F79EFBC}") = "newclscommon", "newclscommon\newclscommon.csproj", "{DB23D37F-E135-46F3-BC77-BA82853ED2B7}"
EndProject
Project("{FAE04EC0-301F-11D3-BF4B-00C04F79EFBC}") = "Auto", "Auto\Auto.csproj", "{67AD004B-E8E1-4AEE-BE15-B3809471449B}"
EndProject
Project("{FAE04EC0-301F-11D3-BF4B-00C04F79EFBC}") = "ExcelAddIn1", "ExcelAddIn1\ExcelAddIn1.csproj", "{59EEFEB1-8678-4AD5-897E-D5AFE711B864}"
EndProject
Project("{FAE04EC0-301F-11D3-BF4B-00C04F79EFBC}") = "catch_mess_spy++", "catch_mess_spy++\catch_mess_spy++.csproj", "{BBFEB34A-7F2D-46EC-AAC6-3FF9E62C2137}"
EndProject
Project("{FAE04EC0-301F-11D3-BF4B-00C04F79EFBC}") = "clsBuiness", "clsBuiness\clsBuiness.csproj", "{6EE714D1-8868-4689-9B52-0768BA8F896F}"
EndProject
Project("{6141683F-8A12-4E36-9623-2EB02B2C2303}") = "OfficeAddInSetup", "OfficeAddInSetup\OfficeAddInSetup.isproj", "{B99F4289-E236-4DCC-9824-BB1372B5AD8D}"
	ProjectSection(ProjectDependencies) = postProject
		{3FDCDCD1-1677-4161-830F-9BC1270767DB} = {3FDCDCD1-1677-4161-830F-9BC1270767DB}
	EndProjectSection
EndProject
Project("{FAE04EC0-301F-11D3-BF4B-00C04F79EFBC}") = "YH_ScanProject", "YH_ScanProject\YH_ScanProject.csproj", "{2094C2FE-7D6D-4844-ADA9-6009D51FC384}"
EndProject
Project("{FAE04EC0-301F-11D3-BF4B-00C04F79EFBC}") = "ExcelAutoMAIL", "ExcelAutoMAIL\ExcelAutoMAIL.csproj", "{957B30BD-4B6C-43AC-AB3A-B75025A44371}"
EndProject
Global
	GlobalSection(SolutionConfigurationPlatforms) = preSolution
		CD_ROM|Any CPU = CD_ROM|Any CPU
		CD_ROM|x86 = CD_ROM|x86
		Debug|Any CPU = Debug|Any CPU
		Debug|x86 = Debug|x86
		DVD-5|Any CPU = DVD-5|Any CPU
		DVD-5|x86 = DVD-5|x86
		Release|Any CPU = Release|Any CPU
		Release|x86 = Release|x86
		SingleImage|Any CPU = SingleImage|Any CPU
		SingleImage|x86 = SingleImage|x86
	EndGlobalSection
	GlobalSection(ProjectConfigurationPlatforms) = postSolution
		{3FDCDCD1-1677-4161-830F-9BC1270767DB}.CD_ROM|Any CPU.ActiveCfg = Release|Any CPU
		{3FDCDCD1-1677-4161-830F-9BC1270767DB}.CD_ROM|Any CPU.Build.0 = Release|Any CPU
		{3FDCDCD1-1677-4161-830F-9BC1270767DB}.CD_ROM|x86.ActiveCfg = Release|Any CPU
		{3FDCDCD1-1677-4161-830F-9BC1270767DB}.Debug|Any CPU.ActiveCfg = Debug|Any CPU
		{3FDCDCD1-1677-4161-830F-9BC1270767DB}.Debug|Any CPU.Build.0 = Debug|Any CPU
		{3FDCDCD1-1677-4161-830F-9BC1270767DB}.Debug|x86.ActiveCfg = Debug|Any CPU
		{3FDCDCD1-1677-4161-830F-9BC1270767DB}.DVD-5|Any CPU.ActiveCfg = Debug|Any CPU
		{3FDCDCD1-1677-4161-830F-9BC1270767DB}.DVD-5|Any CPU.Build.0 = Debug|Any CPU
		{3FDCDCD1-1677-4161-830F-9BC1270767DB}.DVD-5|x86.ActiveCfg = Debug|Any CPU
		{3FDCDCD1-1677-4161-830F-9BC1270767DB}.Release|Any CPU.ActiveCfg = Release|Any CPU
		{3FDCDCD1-1677-4161-830F-9BC1270767DB}.Release|Any CPU.Build.0 = Release|Any CPU
		{3FDCDCD1-1677-4161-830F-9BC1270767DB}.Release|x86.ActiveCfg = Release|Any CPU
		{3FDCDCD1-1677-4161-830F-9BC1270767DB}.SingleImage|Any CPU.ActiveCfg = Release|Any CPU
		{3FDCDCD1-1677-4161-830F-9BC1270767DB}.SingleImage|Any CPU.Build.0 = Release|Any CPU
		{3FDCDCD1-1677-4161-830F-9BC1270767DB}.SingleImage|x86.ActiveCfg = Release|Any CPU
		{E124C8BB-CDA1-4626-9D0C-5F83B93325F1}.CD_ROM|Any CPU.ActiveCfg = Release|Any CPU
		{E124C8BB-CDA1-4626-9D0C-5F83B93325F1}.CD_ROM|Any CPU.Build.0 = Release|Any CPU
		{E124C8BB-CDA1-4626-9D0C-5F83B93325F1}.CD_ROM|x86.ActiveCfg = Release|Any CPU
		{E124C8BB-CDA1-4626-9D0C-5F83B93325F1}.Debug|Any CPU.ActiveCfg = Debug|Any CPU
		{E124C8BB-CDA1-4626-9D0C-5F83B93325F1}.Debug|Any CPU.Build.0 = Debug|Any CPU
		{E124C8BB-CDA1-4626-9D0C-5F83B93325F1}.Debug|x86.ActiveCfg = Debug|Any CPU
		{E124C8BB-CDA1-4626-9D0C-5F83B93325F1}.DVD-5|Any CPU.ActiveCfg = Debug|Any CPU
		{E124C8BB-CDA1-4626-9D0C-5F83B93325F1}.DVD-5|Any CPU.Build.0 = Debug|Any CPU
		{E124C8BB-CDA1-4626-9D0C-5F83B93325F1}.DVD-5|x86.ActiveCfg = Debug|Any CPU
		{E124C8BB-CDA1-4626-9D0C-5F83B93325F1}.Release|Any CPU.ActiveCfg = Release|Any CPU
		{E124C8BB-CDA1-4626-9D0C-5F83B93325F1}.Release|Any CPU.Build.0 = Release|Any CPU
		{E124C8BB-CDA1-4626-9D0C-5F83B93325F1}.Release|x86.ActiveCfg = Release|Any CPU
		{E124C8BB-CDA1-4626-9D0C-5F83B93325F1}.SingleImage|Any CPU.ActiveCfg = Release|Any CPU
		{E124C8BB-CDA1-4626-9D0C-5F83B93325F1}.SingleImage|Any CPU.Build.0 = Release|Any CPU
		{E124C8BB-CDA1-4626-9D0C-5F83B93325F1}.SingleImage|x86.ActiveCfg = Release|Any CPU
		{DB23D37F-E135-46F3-BC77-BA82853ED2B7}.CD_ROM|Any CPU.ActiveCfg = Release|Any CPU
		{DB23D37F-E135-46F3-BC77-BA82853ED2B7}.CD_ROM|Any CPU.Build.0 = Release|Any CPU
		{DB23D37F-E135-46F3-BC77-BA82853ED2B7}.CD_ROM|x86.ActiveCfg = Release|Any CPU
		{DB23D37F-E135-46F3-BC77-BA82853ED2B7}.Debug|Any CPU.ActiveCfg = Debug|Any CPU
		{DB23D37F-E135-46F3-BC77-BA82853ED2B7}.Debug|Any CPU.Build.0 = Debug|Any CPU
		{DB23D37F-E135-46F3-BC77-BA82853ED2B7}.Debug|x86.ActiveCfg = Debug|Any CPU
		{DB23D37F-E135-46F3-BC77-BA82853ED2B7}.DVD-5|Any CPU.ActiveCfg = Debug|Any CPU
		{DB23D37F-E135-46F3-BC77-BA82853ED2B7}.DVD-5|Any CPU.Build.0 = Debug|Any CPU
		{DB23D37F-E135-46F3-BC77-BA82853ED2B7}.DVD-5|x86.ActiveCfg = Debug|Any CPU
		{DB23D37F-E135-46F3-BC77-BA82853ED2B7}.Release|Any CPU.ActiveCfg = Release|Any CPU
		{DB23D37F-E135-46F3-BC77-BA82853ED2B7}.Release|Any CPU.Build.0 = Release|Any CPU
		{DB23D37F-E135-46F3-BC77-BA82853ED2B7}.Release|x86.ActiveCfg = Release|Any CPU
		{DB23D37F-E135-46F3-BC77-BA82853ED2B7}.SingleImage|Any CPU.ActiveCfg = Release|Any CPU
		{DB23D37F-E135-46F3-BC77-BA82853ED2B7}.SingleImage|Any CPU.Build.0 = Release|Any CPU
		{DB23D37F-E135-46F3-BC77-BA82853ED2B7}.SingleImage|x86.ActiveCfg = Release|Any CPU
		{67AD004B-E8E1-4AEE-BE15-B3809471449B}.CD_ROM|Any CPU.ActiveCfg = Release|Any CPU
		{67AD004B-E8E1-4AEE-BE15-B3809471449B}.CD_ROM|Any CPU.Build.0 = Release|Any CPU
		{67AD004B-E8E1-4AEE-BE15-B3809471449B}.CD_ROM|x86.ActiveCfg = Release|Any CPU
		{67AD004B-E8E1-4AEE-BE15-B3809471449B}.Debug|Any CPU.ActiveCfg = Debug|Any CPU
		{67AD004B-E8E1-4AEE-BE15-B3809471449B}.Debug|Any CPU.Build.0 = Debug|Any CPU
		{67AD004B-E8E1-4AEE-BE15-B3809471449B}.Debug|x86.ActiveCfg = Debug|Any CPU
		{67AD004B-E8E1-4AEE-BE15-B3809471449B}.DVD-5|Any CPU.ActiveCfg = Debug|Any CPU
		{67AD004B-E8E1-4AEE-BE15-B3809471449B}.DVD-5|Any CPU.Build.0 = Debug|Any CPU
		{67AD004B-E8E1-4AEE-BE15-B3809471449B}.DVD-5|x86.ActiveCfg = Debug|Any CPU
		{67AD004B-E8E1-4AEE-BE15-B3809471449B}.Release|Any CPU.ActiveCfg = Release|Any CPU
		{67AD004B-E8E1-4AEE-BE15-B3809471449B}.Release|Any CPU.Build.0 = Release|Any CPU
		{67AD004B-E8E1-4AEE-BE15-B3809471449B}.Release|x86.ActiveCfg = Release|Any CPU
		{67AD004B-E8E1-4AEE-BE15-B3809471449B}.SingleImage|Any CPU.ActiveCfg = Release|Any CPU
		{67AD004B-E8E1-4AEE-BE15-B3809471449B}.SingleImage|Any CPU.Build.0 = Release|Any CPU
		{67AD004B-E8E1-4AEE-BE15-B3809471449B}.SingleImage|x86.ActiveCfg = Release|Any CPU
		{59EEFEB1-8678-4AD5-897E-D5AFE711B864}.CD_ROM|Any CPU.ActiveCfg = Release|Any CPU
		{59EEFEB1-8678-4AD5-897E-D5AFE711B864}.CD_ROM|Any CPU.Build.0 = Release|Any CPU
		{59EEFEB1-8678-4AD5-897E-D5AFE711B864}.CD_ROM|x86.ActiveCfg = Release|Any CPU
		{59EEFEB1-8678-4AD5-897E-D5AFE711B864}.Debug|Any CPU.ActiveCfg = Debug|Any CPU
		{59EEFEB1-8678-4AD5-897E-D5AFE711B864}.Debug|Any CPU.Build.0 = Debug|Any CPU
		{59EEFEB1-8678-4AD5-897E-D5AFE711B864}.Debug|x86.ActiveCfg = Debug|Any CPU
		{59EEFEB1-8678-4AD5-897E-D5AFE711B864}.DVD-5|Any CPU.ActiveCfg = Debug|Any CPU
		{59EEFEB1-8678-4AD5-897E-D5AFE711B864}.DVD-5|Any CPU.Build.0 = Debug|Any CPU
		{59EEFEB1-8678-4AD5-897E-D5AFE711B864}.DVD-5|x86.ActiveCfg = Debug|Any CPU
		{59EEFEB1-8678-4AD5-897E-D5AFE711B864}.Release|Any CPU.ActiveCfg = Release|Any CPU
		{59EEFEB1-8678-4AD5-897E-D5AFE711B864}.Release|Any CPU.Build.0 = Release|Any CPU
		{59EEFEB1-8678-4AD5-897E-D5AFE711B864}.Release|x86.ActiveCfg = Release|Any CPU
		{59EEFEB1-8678-4AD5-897E-D5AFE711B864}.SingleImage|Any CPU.ActiveCfg = Release|Any CPU
		{59EEFEB1-8678-4AD5-897E-D5AFE711B864}.SingleImage|Any CPU.Build.0 = Release|Any CPU
		{59EEFEB1-8678-4AD5-897E-D5AFE711B864}.SingleImage|x86.ActiveCfg = Release|Any CPU
		{BBFEB34A-7F2D-46EC-AAC6-3FF9E62C2137}.CD_ROM|Any CPU.ActiveCfg = Release|Any CPU
		{BBFEB34A-7F2D-46EC-AAC6-3FF9E62C2137}.CD_ROM|Any CPU.Build.0 = Release|Any CPU
		{BBFEB34A-7F2D-46EC-AAC6-3FF9E62C2137}.CD_ROM|x86.ActiveCfg = Release|Any CPU
		{BBFEB34A-7F2D-46EC-AAC6-3FF9E62C2137}.Debug|Any CPU.ActiveCfg = Debug|Any CPU
		{BBFEB34A-7F2D-46EC-AAC6-3FF9E62C2137}.Debug|Any CPU.Build.0 = Debug|Any CPU
		{BBFEB34A-7F2D-46EC-AAC6-3FF9E62C2137}.Debug|x86.ActiveCfg = Debug|Any CPU
		{BBFEB34A-7F2D-46EC-AAC6-3FF9E62C2137}.DVD-5|Any CPU.ActiveCfg = Debug|Any CPU
		{BBFEB34A-7F2D-46EC-AAC6-3FF9E62C2137}.DVD-5|Any CPU.Build.0 = Debug|Any CPU
		{BBFEB34A-7F2D-46EC-AAC6-3FF9E62C2137}.DVD-5|x86.ActiveCfg = Debug|Any CPU
		{BBFEB34A-7F2D-46EC-AAC6-3FF9E62C2137}.Release|Any CPU.ActiveCfg = Release|Any CPU
		{BBFEB34A-7F2D-46EC-AAC6-3FF9E62C2137}.Release|Any CPU.Build.0 = Release|Any CPU
		{BBFEB34A-7F2D-46EC-AAC6-3FF9E62C2137}.Release|x86.ActiveCfg = Release|Any CPU
		{BBFEB34A-7F2D-46EC-AAC6-3FF9E62C2137}.SingleImage|Any CPU.ActiveCfg = Release|Any CPU
		{BBFEB34A-7F2D-46EC-AAC6-3FF9E62C2137}.SingleImage|Any CPU.Build.0 = Release|Any CPU
		{BBFEB34A-7F2D-46EC-AAC6-3FF9E62C2137}.SingleImage|x86.ActiveCfg = Release|Any CPU
		{6EE714D1-8868-4689-9B52-0768BA8F896F}.CD_ROM|Any CPU.ActiveCfg = Release|Any CPU
		{6EE714D1-8868-4689-9B52-0768BA8F896F}.CD_ROM|Any CPU.Build.0 = Release|Any CPU
		{6EE714D1-8868-4689-9B52-0768BA8F896F}.CD_ROM|x86.ActiveCfg = Release|Any CPU
		{6EE714D1-8868-4689-9B52-0768BA8F896F}.Debug|Any CPU.ActiveCfg = Debug|Any CPU
		{6EE714D1-8868-4689-9B52-0768BA8F896F}.Debug|Any CPU.Build.0 = Debug|Any CPU
		{6EE714D1-8868-4689-9B52-0768BA8F896F}.Debug|x86.ActiveCfg = Debug|Any CPU
		{6EE714D1-8868-4689-9B52-0768BA8F896F}.DVD-5|Any CPU.ActiveCfg = Debug|Any CPU
		{6EE714D1-8868-4689-9B52-0768BA8F896F}.DVD-5|Any CPU.Build.0 = Debug|Any CPU
		{6EE714D1-8868-4689-9B52-0768BA8F896F}.DVD-5|x86.ActiveCfg = Debug|Any CPU
		{6EE714D1-8868-4689-9B52-0768BA8F896F}.Release|Any CPU.ActiveCfg = Release|Any CPU
		{6EE714D1-8868-4689-9B52-0768BA8F896F}.Release|Any CPU.Build.0 = Release|Any CPU
		{6EE714D1-8868-4689-9B52-0768BA8F896F}.Release|x86.ActiveCfg = Release|Any CPU
		{6EE714D1-8868-4689-9B52-0768BA8F896F}.SingleImage|Any CPU.ActiveCfg = Release|Any CPU
		{6EE714D1-8868-4689-9B52-0768BA8F896F}.SingleImage|Any CPU.Build.0 = Release|Any CPU
		{6EE714D1-8868-4689-9B52-0768BA8F896F}.SingleImage|x86.ActiveCfg = Release|Any CPU
		{B99F4289-E236-4DCC-9824-BB1372B5AD8D}.CD_ROM|Any CPU.ActiveCfg = CD_ROM
		{B99F4289-E236-4DCC-9824-BB1372B5AD8D}.CD_ROM|Any CPU.Build.0 = CD_ROM
		{B99F4289-E236-4DCC-9824-BB1372B5AD8D}.CD_ROM|x86.ActiveCfg = CD_ROM
		{B99F4289-E236-4DCC-9824-BB1372B5AD8D}.CD_ROM|x86.Build.0 = CD_ROM
		{B99F4289-E236-4DCC-9824-BB1372B5AD8D}.Debug|Any CPU.ActiveCfg = DVD-5
		{B99F4289-E236-4DCC-9824-BB1372B5AD8D}.Debug|Any CPU.Build.0 = DVD-5
		{B99F4289-E236-4DCC-9824-BB1372B5AD8D}.Debug|x86.ActiveCfg = DVD-5
		{B99F4289-E236-4DCC-9824-BB1372B5AD8D}.Debug|x86.Build.0 = DVD-5
		{B99F4289-E236-4DCC-9824-BB1372B5AD8D}.DVD-5|Any CPU.ActiveCfg = DVD-5
		{B99F4289-E236-4DCC-9824-BB1372B5AD8D}.DVD-5|Any CPU.Build.0 = DVD-5
		{B99F4289-E236-4DCC-9824-BB1372B5AD8D}.DVD-5|x86.ActiveCfg = DVD-5
		{B99F4289-E236-4DCC-9824-BB1372B5AD8D}.DVD-5|x86.Build.0 = DVD-5
		{B99F4289-E236-4DCC-9824-BB1372B5AD8D}.Release|Any CPU.ActiveCfg = SingleImage
		{B99F4289-E236-4DCC-9824-BB1372B5AD8D}.Release|Any CPU.Build.0 = SingleImage
		{B99F4289-E236-4DCC-9824-BB1372B5AD8D}.Release|x86.ActiveCfg = SingleImage
		{B99F4289-E236-4DCC-9824-BB1372B5AD8D}.Release|x86.Build.0 = SingleImage
		{B99F4289-E236-4DCC-9824-BB1372B5AD8D}.SingleImage|Any CPU.ActiveCfg = SingleImage
		{B99F4289-E236-4DCC-9824-BB1372B5AD8D}.SingleImage|Any CPU.Build.0 = SingleImage
		{B99F4289-E236-4DCC-9824-BB1372B5AD8D}.SingleImage|x86.ActiveCfg = SingleImage
		{B99F4289-E236-4DCC-9824-BB1372B5AD8D}.SingleImage|x86.Build.0 = SingleImage
		{2094C2FE-7D6D-4844-ADA9-6009D51FC384}.CD_ROM|Any CPU.ActiveCfg = Release|Any CPU
		{2094C2FE-7D6D-4844-ADA9-6009D51FC384}.CD_ROM|Any CPU.Build.0 = Release|Any CPU
		{2094C2FE-7D6D-4844-ADA9-6009D51FC384}.CD_ROM|x86.ActiveCfg = Release|Any CPU
		{2094C2FE-7D6D-4844-ADA9-6009D51FC384}.Debug|Any CPU.ActiveCfg = Debug|Any CPU
		{2094C2FE-7D6D-4844-ADA9-6009D51FC384}.Debug|Any CPU.Build.0 = Debug|Any CPU
		{2094C2FE-7D6D-4844-ADA9-6009D51FC384}.Debug|x86.ActiveCfg = Debug|Any CPU
		{2094C2FE-7D6D-4844-ADA9-6009D51FC384}.DVD-5|Any CPU.ActiveCfg = Debug|Any CPU
		{2094C2FE-7D6D-4844-ADA9-6009D51FC384}.DVD-5|Any CPU.Build.0 = Debug|Any CPU
		{2094C2FE-7D6D-4844-ADA9-6009D51FC384}.DVD-5|x86.ActiveCfg = Debug|Any CPU
		{2094C2FE-7D6D-4844-ADA9-6009D51FC384}.Release|Any CPU.ActiveCfg = Release|Any CPU
		{2094C2FE-7D6D-4844-ADA9-6009D51FC384}.Release|Any CPU.Build.0 = Release|Any CPU
		{2094C2FE-7D6D-4844-ADA9-6009D51FC384}.Release|x86.ActiveCfg = Release|Any CPU
		{2094C2FE-7D6D-4844-ADA9-6009D51FC384}.SingleImage|Any CPU.ActiveCfg = Release|Any CPU
		{2094C2FE-7D6D-4844-ADA9-6009D51FC384}.SingleImage|Any CPU.Build.0 = Release|Any CPU
		{2094C2FE-7D6D-4844-ADA9-6009D51FC384}.SingleImage|x86.ActiveCfg = Release|Any CPU
		{957B30BD-4B6C-43AC-AB3A-B75025A44371}.CD_ROM|Any CPU.ActiveCfg = Release|Any CPU
		{957B30BD-4B6C-43AC-AB3A-B75025A44371}.CD_ROM|Any CPU.Build.0 = Release|Any CPU
		{957B30BD-4B6C-43AC-AB3A-B75025A44371}.CD_ROM|x86.ActiveCfg = Release|Any CPU
		{957B30BD-4B6C-43AC-AB3A-B75025A44371}.Debug|Any CPU.ActiveCfg = Debug|Any CPU
		{957B30BD-4B6C-43AC-AB3A-B75025A44371}.Debug|Any CPU.Build.0 = Debug|Any CPU
		{957B30BD-4B6C-43AC-AB3A-B75025A44371}.Debug|x86.ActiveCfg = Debug|Any CPU
		{957B30BD-4B6C-43AC-AB3A-B75025A44371}.DVD-5|Any CPU.ActiveCfg = Debug|Any CPU
		{957B30BD-4B6C-43AC-AB3A-B75025A44371}.DVD-5|Any CPU.Build.0 = Debug|Any CPU
		{957B30BD-4B6C-43AC-AB3A-B75025A44371}.DVD-5|x86.ActiveCfg = Debug|Any CPU
		{957B30BD-4B6C-43AC-AB3A-B75025A44371}.Release|Any CPU.ActiveCfg = Release|Any CPU
		{957B30BD-4B6C-43AC-AB3A-B75025A44371}.Release|Any CPU.Build.0 = Release|Any CPU
		{957B30BD-4B6C-43AC-AB3A-B75025A44371}.Release|x86.ActiveCfg = Release|Any CPU
		{957B30BD-4B6C-43AC-AB3A-B75025A44371}.SingleImage|Any CPU.ActiveCfg = Release|Any CPU
		{957B30BD-4B6C-43AC-AB3A-B75025A44371}.SingleImage|Any CPU.Build.0 = Release|Any CPU
		{957B30BD-4B6C-43AC-AB3A-B75025A44371}.SingleImage|x86.ActiveCfg = Release|Any CPU
	EndGlobalSection
	GlobalSection(SolutionProperties) = preSolution
		HideSolutionNode = FALSE
	EndGlobalSection
EndGlobal
